
Microsoft Visual Studio Solution File, Format Version 12.00
# Visual Studio Version 17
VisualStudioVersion = 17.9.34728.123
MinimumVisualStudioVersion = 10.0.40219.1
Project("{FAE04EC0-301F-11D3-BF4B-00C04F79EFBC}") = "BirBirineVurulma", "BirBirineVurulma\BirBirineVurulma.csproj", "{61813E6A-1818-48B8-B6E3-80AFCC8A561B}"
EndProject
Global
	GlobalSection(SolutionConfigurationPlatforms) = preSolution
		Debug|Any CPU = Debug|Any CPU
		Release|Any CPU = Release|Any CPU
	EndGlobalSection
	GlobalSection(ProjectConfigurationPlatforms) = postSolution
		{61813E6A-1818-48B8-B6E3-80AFCC8A561B}.Debug|Any CPU.ActiveCfg = Debug|Any CPU
		{61813E6A-1818-48B8-B6E3-80AFCC8A561B}.Debug|Any CPU.Build.0 = Debug|Any CPU
		{61813E6A-1818-48B8-B6E3-80AFCC8A561B}.Release|Any CPU.ActiveCfg = Release|Any CPU
		{61813E6A-1818-48B8-B6E3-80AFCC8A561B}.Release|Any CPU.Build.0 = Release|Any CPU
	EndGlobalSection
	GlobalSection(SolutionProperties) = preSolution
		HideSolutionNode = FALSE
	EndGlobalSection
	GlobalSection(ExtensibilityGlobals) = postSolution
		SolutionGuid = {846A23FA-45F7-4A86-ACDA-182C86C788B3}
	EndGlobalSection
EndGlobal
